{
  "name": "phosra",
  "lockfileVersion": 3,
  "requires": true,
  "packages": {
    "": {
      "dependencies": {
        "phosra-browser": "file:../browser/phosra-browser"
      }
    },
    "../browser/phosra-browser": {
      "version": "1.0.0",
      "license": "MIT",
      "dependencies": {
        "@anthropic-ai/sdk": "^0.39.0",
        "@modelcontextprotocol/sdk": "^1.27.1",
        "chalk": "^5.4.1",
        "cli-table3": "^0.6.5",
        "commander": "^12.1.0",
        "glob": "^11.0.0",
        "inquirer": "^12.3.0",
        "ora": "^8.1.1",
        "pino": "^9.6.0",
        "pino-pretty": "^13.0.0",
        "pixelmatch": "^6.0.0",
        "playwright": "^1.49.0",
        "playwright-extra": "^4.3.6",
        "pngjs": "^7.0.0",
        "puppeteer-extra-plugin-stealth": "^2.11.2",
        "tesseract.js": "^5.1.1"
      },
      "bin": {
        "phosra-mcp": "dist/mcp/server.js",
        "phosra-test": "dist/index.js"
      },
      "devDependencies": {
        "@types/node": "^22.10.0",
        "@types/pngjs": "^6.0.5",
        "tsx": "^4.19.0",
        "typescript": "^5.7.0"
      },
      "engines": {
        "node": ">=18.0.0"
      }
    },
    "node_modules/phosra-browser": {
      "resolved": "../browser/phosra-browser",
      "link": true
    }
  }
}
